# THIS IS AN AUTOGENERATED FILE. DO NOT EDIT THIS FILE DIRECTLY.
# yarn lockfile v1


comfy.js@^1.1.10:
  version "1.1.10"
  resolved "https://registry.yarnpkg.com/comfy.js/-/comfy.js-1.1.10.tgz#e1e98b5042328bb450f2dc2db531d295b1f61157"
  integrity sha512-SFQ5viFY71MwcByDS/Aew+yJjcis6UT4zwiJdKmqbvp6vwNABRDtBaYGReDt+fGk0RN8+iOEU4zwXrH/4v+NJg==
  dependencies:
    node-fetch "^2.6.0"
    tmi.js "^1.5.0"

node-fetch@^2.6.0, node-fetch@^2.6.1:
  version "2.6.1"
  resolved "https://registry.yarnpkg.com/node-fetch/-/node-fetch-2.6.1.tgz#045bd323631f76ed2e2b55573394416b639a0052"
  integrity sha512-V4aYg89jEoVRxRb2fJdAg8FHvI7cEyYdVAh94HH0UIK8oJxUfkjlDQN9RbMx+bEjP7+ggMiFRprSti032Oipxw==

tmi.js@^1.5.0:
  version "1.8.3"
  resolved "https://registry.yarnpkg.com/tmi.js/-/tmi.js-1.8.3.tgz#1a4e30c845442505e6f673d0da8740bbd39c4ed6"
  integrity sha512-1YAO3hwnkpAbUfVlpxcqOHP4Nun/+TqxWE/e/ZKMB6p40ZKczhI03oZW2Qx3pppqWjXz5kSjHdT/vTTfi2gCGQ==
  dependencies:
    node-fetch "^2.6.1"
    ws "^7.4.3"

ws@^7.4.3:
  version "7.4.5"
  resolved "https://registry.yarnpkg.com/ws/-/ws-7.4.5.tgz#a484dd851e9beb6fdb420027e3885e8ce48986c1"
  integrity sha512-xzyu3hFvomRfXKH8vOFMU3OguG6oOvhXMo3xsGy3xWExqaM2dxBbVxuD99O7m3ZUFMvvscsZDqxfgMaRr/Nr1g==
